# THIS IS AN AUTOGENERATED FILE. DO NOT EDIT THIS FILE DIRECTLY.
# yarn lockfile v1


"@abp/aspnetcore.mvc.ui.theme.shared@~9.0.2":
  version "9.0.2"
  resolved "https://registry.yarnpkg.com/@abp/aspnetcore.mvc.ui.theme.shared/-/aspnetcore.mvc.ui.theme.shared-9.0.2.tgz#c15eb73b5ec16061da565a98ce2a16e29115d585"
  integrity sha512-k30esf0On3mgBAmNbbWn3q/3PiCE4tJXW5j8UGq85DI8kMDmaP7iBQXoMfIFs+Gu5ejNU49AYHlGeEuuK3ObKw==
  dependencies:
    "@abp/aspnetcore.mvc.ui" "~9.0.2"
    "@abp/bootstrap" "~9.0.2"
    "@abp/bootstrap-datepicker" "~9.0.2"
    "@abp/bootstrap-daterangepicker" "~9.0.2"
    "@abp/datatables.net-bs5" "~9.0.2"
    "@abp/font-awesome" "~9.0.2"
    "@abp/jquery-form" "~9.0.2"
    "@abp/jquery-validation-unobtrusive" "~9.0.2"
    "@abp/lodash" "~9.0.2"
    "@abp/luxon" "~9.0.2"
    "@abp/malihu-custom-scrollbar-plugin" "~9.0.2"
    "@abp/moment" "~9.0.2"
    "@abp/select2" "~9.0.2"
    "@abp/sweetalert2" "~9.0.2"
    "@abp/timeago" "~9.0.2"
    "@abp/toastr" "~9.0.2"

"@abp/aspnetcore.mvc.ui@~9.0.2":
  version "9.0.2"
  resolved "https://registry.yarnpkg.com/@abp/aspnetcore.mvc.ui/-/aspnetcore.mvc.ui-9.0.2.tgz#ec8d319196d5ef2c4b9e2c965a2ce61cf2384839"
  integrity sha512-w40nUrbM/FLadmkDqx+24FtLPrRO2vVqeqE5WxiARDOUJC/Y7LnmVNtsNODv9m5Ss4ufkyI25LugHwT63w6imA==
  dependencies:
    ansi-colors "^4.1.3"

"@abp/bootstrap-datepicker@~9.0.2":
  version "9.0.2"
  resolved "https://registry.yarnpkg.com/@abp/bootstrap-datepicker/-/bootstrap-datepicker-9.0.2.tgz#ee810c716d84ceb9b36366390d75c366a560f0fe"
  integrity sha512-wrnCu3LwoR0WD1fvntv7ICpIsE+5FmEIuod+8pRa17LkNn/JMAhUv1gQI6OD/Ney5QEA1l1HlmFwlV14A/IdSg==
  dependencies:
    bootstrap-datepicker "^1.10.0"

"@abp/bootstrap-daterangepicker@~9.0.2":
  version "9.0.2"
  resolved "https://registry.yarnpkg.com/@abp/bootstrap-daterangepicker/-/bootstrap-daterangepicker-9.0.2.tgz#61869cf4dac3573000bf3f97dd4531747be99cd3"
  integrity sha512-Pzt1whhaIX10JWMKAYEE0rq4oZSgYxdyukz95u72Rqjub9057mDPcbIzLx1UdHMUh7FOG6WpCSZA5o/XxqHPxQ==
  dependencies:
    bootstrap-daterangepicker "^3.1.0"

"@abp/bootstrap@~9.0.2":
  version "9.0.2"
  resolved "https://registry.yarnpkg.com/@abp/bootstrap/-/bootstrap-9.0.2.tgz#b42a128ea427758f4e4036c47aad79c8cc3e3bf0"
  integrity sha512-CFet9h9jvdZXORN60UrUx+l9MakrBaEMEjnXctKltNUaUxEXO9XEi+HiXBJscz1QTwtpM3fUE/wm95JrPDiLAg==
  dependencies:
    "@abp/core" "~9.0.2"
    bootstrap "^5.3.3"

"@abp/core@~9.0.2":
  version "9.0.2"
  resolved "https://registry.yarnpkg.com/@abp/core/-/core-9.0.2.tgz#2b74ee867a421ea85d71d8a5a13644cb278077c4"
  integrity sha512-CcGWzGUW9xty+LeVcGC+EcLuJnjfOrPhKbiZrkUYwYmP7GSO0/DJrKd+PcJnvK7czC6uHBBB+5BUIrr+W0071g==
  dependencies:
    "@abp/utils" "~9.0.2"

"@abp/cropperjs@~9.0.2":
  version "9.0.2"
  resolved "https://registry.yarnpkg.com/@abp/cropperjs/-/cropperjs-9.0.2.tgz#0ae35a2498e3e43046b47f1d3f320f728ecf397d"
  integrity sha512-9GB31z9QhSpn0Icx/+AgddzPHZw19ke7C9RfN1i8Sc0dIbXnqdF8lfhyI5LdblG/2VHhfs0WObqd0RhvpiNBtw==
  dependencies:
    "@abp/core" "~9.0.2"
    cropperjs "^1.6.2"

"@abp/datatables.net-bs5@~9.0.2":
  version "9.0.2"
  resolved "https://registry.yarnpkg.com/@abp/datatables.net-bs5/-/datatables.net-bs5-9.0.2.tgz#b706c4d077162122659c86f6bc78fb5ba723d9fd"
  integrity sha512-4cJ1kz/Ecciuz4T7mIBAwgd98/Wd1r4Ok6CnFT7GJp+opWEJJGyfKSp8/Yp4FRRCkjliXgmpRmUeAfUPM97oow==
  dependencies:
    "@abp/datatables.net" "~9.0.2"
    datatables.net-bs5 "^2.1.8"

"@abp/datatables.net@~9.0.2":
  version "9.0.2"
  resolved "https://registry.yarnpkg.com/@abp/datatables.net/-/datatables.net-9.0.2.tgz#5e6b5deea7e2f6ad6e6685c81c3c33044149378e"
  integrity sha512-JrUdeKjEGoaWWM7411yZfbEaDDqnsBNgu6oiCgfdcnLM+NvB9Oo1VZCrfZstj5mx736k7VURRjn67aV5oAO9iA==
  dependencies:
    "@abp/jquery" "~9.0.2"
    datatables.net "^2.1.8"

"@abp/font-awesome@~9.0.2":
  version "9.0.2"
  resolved "https://registry.yarnpkg.com/@abp/font-awesome/-/font-awesome-9.0.2.tgz#f03d9fc251218c2afa3fdd8ce6fcfc81f68e20dd"
  integrity sha512-zAkDOZ3PTD9paVTiGifMErtRammQHDl9QlnWbhpihidtn1QdXK0TU399xZrnxR5EEL23KJgR8Po0fHJnS6V+5A==
  dependencies:
    "@abp/core" "~9.0.2"
    "@fortawesome/fontawesome-free" "^6.6.0"

"@abp/jquery-form@~9.0.2":
  version "9.0.2"
  resolved "https://registry.yarnpkg.com/@abp/jquery-form/-/jquery-form-9.0.2.tgz#a51a69440264aafcb6b71b42355c9fbb0812696f"
  integrity sha512-OZIyHQSRFtwPAoNzwqhFZ6nspJRu9yFySUVoSpgJqqBiPI+BO3ePxXlHGotVuIYAZKAPXo3uFsJPRFp/IQwGCg==
  dependencies:
    "@abp/jquery" "~9.0.2"
    jquery-form "^4.3.0"

"@abp/jquery-validation-unobtrusive@~9.0.2":
  version "9.0.2"
  resolved "https://registry.yarnpkg.com/@abp/jquery-validation-unobtrusive/-/jquery-validation-unobtrusive-9.0.2.tgz#37f672d828b335d50ff0c5de4f8ab62018af8b40"
  integrity sha512-aqVexKt4IgfYEJF0CzdH35YGnWgfhCuB5vWzCkiiEGaZnv04lsfuW7EoFbs5G5cw/3E9j4VV2oWjVm+SbcRZkQ==
  dependencies:
    "@abp/jquery-validation" "~9.0.2"
    jquery-validation-unobtrusive "^4.0.0"

"@abp/jquery-validation@~9.0.2":
  version "9.0.2"
  resolved "https://registry.yarnpkg.com/@abp/jquery-validation/-/jquery-validation-9.0.2.tgz#d57aa85afcaaead1c47c237aa12432ad7e6ec4ed"
  integrity sha512-H0wclTupwrD0a9XwVOECq15x4DziVNpquPnRS4gDsAQiPZEZb7568XJigNJMkhfrKZ5Kwb3lP5ex0bVweeKXqg==
  dependencies:
    "@abp/jquery" "~9.0.2"
    jquery-validation "^1.21.0"

"@abp/jquery@~9.0.2":
  version "9.0.2"
  resolved "https://registry.yarnpkg.com/@abp/jquery/-/jquery-9.0.2.tgz#3d1d103757be6ce3594a3eda7dbb10f7229eb59f"
  integrity sha512-fNYv1DvpAwoCmzW2AVd4IuzjNMoEfjJ5mPp+dqPloAkFPelsgptnMnuguwI2ihDdyr1p/4/K/KfALRfpMJXmmA==
  dependencies:
    "@abp/core" "~9.0.2"
    jquery "~3.7.1"

"@abp/lodash@~9.0.2":
  version "9.0.2"
  resolved "https://registry.yarnpkg.com/@abp/lodash/-/lodash-9.0.2.tgz#4dfcd641c12213a2cda8568313648f31f1439845"
  integrity sha512-GBstAsWHgffc0EaSDNZWDcE8DMJSJyAMMGH0i5XL9LS7/mCOgK42gjStzSGOHfuRWhHGN6tpo+EHqYBjagzF/A==
  dependencies:
    "@abp/core" "~9.0.2"
    lodash "^4.17.21"

"@abp/luxon@~9.0.2":
  version "9.0.2"
  resolved "https://registry.yarnpkg.com/@abp/luxon/-/luxon-9.0.2.tgz#9c746a4c8a68e137bc041018aa1990aacc3bf056"
  integrity sha512-94r/pn6Y9dsx+e9qfD5tRLiPrFx/A2g43JlULO9i0LKVgKYofWn8Y1La6bGgRBIVEeyYlLoW8FF1xs4tbOajdw==
  dependencies:
    "@abp/core" "~9.0.2"
    luxon "^3.5.0"

"@abp/malihu-custom-scrollbar-plugin@~9.0.2":
  version "9.0.2"
  resolved "https://registry.yarnpkg.com/@abp/malihu-custom-scrollbar-plugin/-/malihu-custom-scrollbar-plugin-9.0.2.tgz#e3409ea3edd9737fba35f9b2e4890fcb79ee7b38"
  integrity sha512-2TlvPTel9361ZlfgqYwN0/NBnDz6aicCZAZ5k1X0ZuHnR9b0w741+eag3FjDzhgcNZim1kWdu0tos4erDY8/qw==
  dependencies:
    "@abp/core" "~9.0.2"
    malihu-custom-scrollbar-plugin "^3.1.5"

"@abp/moment@~9.0.2":
  version "9.0.2"
  resolved "https://registry.yarnpkg.com/@abp/moment/-/moment-9.0.2.tgz#5a3bafc28a03ca04768296189059834547b31f58"
  integrity sha512-mcuGg0jli8JWw9DIeLg7+/BcG4ytIBcYNU1gxCM7NfBSoqOqzPOxKoZF6lbbADtRmbO9vGqUTmfkXOWHbxSaSg==
  dependencies:
    moment "^2.30.1"

"@abp/qrcode@~9.0.2":
  version "9.0.2"
  resolved "https://registry.yarnpkg.com/@abp/qrcode/-/qrcode-9.0.2.tgz#be7438d84fea6f6eb63c55995098401ffdcc497f"
  integrity sha512-aSKbL0XRNClkiPUqQxjPPtQaoy/Fp15c8ea9+7uyX055o4IrcNZjFwMxGB6uPTB75OUk3pB+3OmQKb2CfhSM/A==
  dependencies:
    "@abp/core" "~9.0.2"

"@abp/select2@~9.0.2":
  version "9.0.2"
  resolved "https://registry.yarnpkg.com/@abp/select2/-/select2-9.0.2.tgz#7de6e64104f91aa703a8510543dd1aa44fe23918"
  integrity sha512-4HXpNPKif4BDJ4pLhtEaVPJVkKXfiq00h3DSZkp/iC52QUgM03KZHEzbySmfW1pmuXmhaFzn+A/nQoE+ZdgU6g==
  dependencies:
    "@abp/core" "~9.0.2"
    select2 "^4.0.13"

"@abp/sweetalert2@~9.0.2":
  version "9.0.2"
  resolved "https://registry.yarnpkg.com/@abp/sweetalert2/-/sweetalert2-9.0.2.tgz#fee3297b317fc345f74a3faf6a3a648b5fced670"
  integrity sha512-JPqd1l0UOdoSW8grzODo4GTAOUBEfN9flEOL6LGr+WIjSpwwiUfScUogmms+bncKPr8+9divRT9cC7X24gGERw==
  dependencies:
    "@abp/core" "~9.0.2"
    sweetalert2 "^11.14.1"

"@abp/timeago@~9.0.2":
  version "9.0.2"
  resolved "https://registry.yarnpkg.com/@abp/timeago/-/timeago-9.0.2.tgz#24ee73ee43d2bf7c1dcb1e6cb1fb2421a52de423"
  integrity sha512-e3Px4v8Gd2AItTGAxgraBYfR3C9iDyDRp4J3jHGAWKrInfxyuH1nU5jMitGbOAGK0BMbW3ngZchIYjE8Cv2cBw==
  dependencies:
    "@abp/jquery" "~9.0.2"
    timeago "^1.6.7"

"@abp/toastr@~9.0.2":
  version "9.0.2"
  resolved "https://registry.yarnpkg.com/@abp/toastr/-/toastr-9.0.2.tgz#d9990bda021e06674427b973f078c95faffc71fa"
  integrity sha512-3x19A96JZkOVU8CRRKNXDGmHKPSsCLqeykO7RKB3I/46BolEBIxXjVBtBTbep0g32lkpxsArJuRWZ/nXFIj+ng==
  dependencies:
    "@abp/jquery" "~9.0.2"
    toastr "^2.1.4"

"@abp/uppy@~9.0.2":
  version "9.0.2"
  resolved "https://registry.yarnpkg.com/@abp/uppy/-/uppy-9.0.2.tgz#aa8ae5be39908a8b83974757dd53d9a0c26a59a6"
  integrity sha512-Gq04SPEC7+0WRJDmfSN0dTGMyB8lRHWVE9axnxaTivsedfvJE8ZoqzJ+s0W3wp0UgjDWCt2CQzsj8IterS0ZhA==
  dependencies:
    "@abp/core" "~9.0.2"
    uppy "^4.4.1"

"@abp/utils@~9.0.2":
  version "9.0.2"
  resolved "https://registry.yarnpkg.com/@abp/utils/-/utils-9.0.2.tgz#8d67f9f2dbacc829bb260914f46059e613314791"
  integrity sha512-XTuqaKpwKfzVrF6C0D338jSXHmtpTFIWXUvwnM10hai0rahydpDRq7kQIfj6jLxLkYfJm8Zw4Oys9kgtPNdZ6w==
  dependencies:
    just-compare "^2.3.0"

"@abp/zxcvbn@~9.0.2":
  version "9.0.2"
  resolved "https://registry.yarnpkg.com/@abp/zxcvbn/-/zxcvbn-9.0.2.tgz#75c45b93c6aa9a5987f79ff7693315304c80106c"
  integrity sha512-PH7CygzUqnQVlEfSE5/CLQeKTTGWagPPMAHqBKC+y+UUxZnFlYfRacg8Ax+TGvImsilonkg9Kepnby+wbemQCQ==
  dependencies:
    "@abp/core" "~9.0.2"
    zxcvbn "^4.4.2"

"@fortawesome/fontawesome-free@^6.6.0":
  version "6.7.2"
  resolved "https://registry.yarnpkg.com/@fortawesome/fontawesome-free/-/fontawesome-free-6.7.2.tgz#8249de9b7e22fcb3ceb5e66090c30a1d5492b81a"
  integrity sha512-JUOtgFW6k9u4Y+xeIaEiLr3+cjoUPiAuLXoyKOJSia6Duzb7pq+A76P9ZdPDoAoxHdHzq6gE9/jKBGXlZT8FbA==

"@transloadit/prettier-bytes@^0.3.4":
  version "0.3.5"
  resolved "https://registry.yarnpkg.com/@transloadit/prettier-bytes/-/prettier-bytes-0.3.5.tgz#0cca83975293e3f4990229914942c69714122ede"
  integrity sha512-xF4A3d/ZyX2LJWeQZREZQw+qFX4TGQ8bGVP97OLRt6sPO6T0TNHBFTuRHOJh7RNmYOBmQ9MHxpolD9bXihpuVA==

"@types/retry@0.12.2":
  version "0.12.2"
  resolved "https://registry.yarnpkg.com/@types/retry/-/retry-0.12.2.tgz#ed279a64fa438bb69f2480eda44937912bb7480a"
  integrity sha512-XISRgDJ2Tc5q4TRqvgJtzsRkFYNJzZrhTdtMoGVBttwzzQJkPnS3WWTFc7kuDRoPtPakl+T+OfdEUjYJj7Jbow==

"@uppy/audio@^2.0.2":
  version "2.0.2"
  resolved "https://registry.yarnpkg.com/@uppy/audio/-/audio-2.0.2.tgz#cdf153c322607d6a839e0e684e9274f9ca9c1e8c"
  integrity sha512-oUuEiTdS4hMoiOZoOXey+nHh7Up3FdVzy/eN+KyYji4VEvNwl9IdHsP1fmfUdzi4aJt67Sf4TC/VGvJ7/evCqQ==
  dependencies:
    "@uppy/utils" "^6.0.5"
    preact "^10.5.13"

"@uppy/aws-s3@^4.1.3":
  version "4.1.3"
  resolved "https://registry.yarnpkg.com/@uppy/aws-s3/-/aws-s3-4.1.3.tgz#7fdc38d181292bd649fd9ac36c1dbe7f271973b8"
  integrity sha512-KKz3NmgvnqMLmplOiQUEwJPQgdP9l7Yu7iPkff1TR4BdvrhAtpSEJcNv1HKEeRXxORKKUz6Dt+Nax7DjPPP+NA==
  dependencies:
    "@uppy/companion-client" "^4.2.0"
    "@uppy/utils" "^6.0.5"

"@uppy/box@^3.1.2":
  version "3.1.2"
  resolved "https://registry.yarnpkg.com/@uppy/box/-/box-3.1.2.tgz#078f0c3a7946e2e8e1c0dcf048c2d1047c902311"
  integrity sha512-cp/g9k1MrrFRUwSd4RlEoPt82fi7nOa/+7LB3TEIdJvVktTCdLabVKKgIxvZ627Ww6piI7hSBWojxypDrDlUOg==
  dependencies:
    "@uppy/companion-client" "^4.2.0"
    "@uppy/provider-views" "^4.1.0"
    "@uppy/utils" "^6.0.5"
    preact "^10.5.13"

"@uppy/companion-client@^4.2.0", "@uppy/companion-client@^4.3.0":
  version "4.3.0"
  resolved "https://registry.yarnpkg.com/@uppy/companion-client/-/companion-client-4.3.0.tgz#c38e502c86b4c208c8bf5008a7a40eebb486ac89"
  integrity sha512-S8Fs7KgLE8CEf225S/j28yZTMqVaqvmesX5mrd/I1H0dHzIoruLYC/3q3QnihGbQRxyobUpnBmo67o24+mAc7g==
  dependencies:
    "@uppy/utils" "^6.0.6"
    namespace-emitter "^2.0.1"
    p-retry "^6.1.0"

"@uppy/compressor@^2.1.1":
  version "2.1.1"
  resolved "https://registry.yarnpkg.com/@uppy/compressor/-/compressor-2.1.1.tgz#78283ac4dcb940849eddef36427c6714f7fcbbda"
  integrity sha512-Y9C60dPvWOEQWJXBJYpWVDAADgjhu7TjVPIqewzQyBnuW6Fy4bZbBqAmIkKFRSxzAGHPc7HKkB9bVe/+G99urg==
  dependencies:
    "@transloadit/prettier-bytes" "^0.3.4"
    "@uppy/utils" "^6.0.5"
    compressorjs "^1.2.1"
    preact "^10.5.13"
    promise-queue "^2.2.5"

"@uppy/core@^4.3.1":
  version "4.3.1"
  resolved "https://registry.yarnpkg.com/@uppy/core/-/core-4.3.1.tgz#1ca0041616afc8a9bf34898c004fb3cde85fad68"
  integrity sha512-vov6agqmZrbmkG6E5LpSGNOeVXP4u0pe3UXCqVBZvU+WPInA264d4+X7NUnD6cF/BHPfckbfKh+60Tm1A40VEg==
  dependencies:
    "@transloadit/prettier-bytes" "^0.3.4"
    "@uppy/store-default" "^4.1.2"
    "@uppy/utils" "^6.0.6"
    lodash "^4.17.21"
    mime-match "^1.0.2"
    namespace-emitter "^2.0.1"
    nanoid "^5.0.0"
    preact "^10.5.13"

"@uppy/dashboard@^4.1.3":
  version "4.1.3"
  resolved "https://registry.yarnpkg.com/@uppy/dashboard/-/dashboard-4.1.3.tgz#949e0a81c02581da4d7a397e7d27761cc4910f2c"
  integrity sha512-2gNBRp4IVlsxJ1Twsub4KcudZ+I3ETnsukKs8xfk1F/0D0jZrqIZtsEQxL9PtGLOKQpNlnhN3UjXb/okWJRCUQ==
  dependencies:
    "@transloadit/prettier-bytes" "^0.3.4"
    "@uppy/informer" "^4.1.2"
    "@uppy/provider-views" "^4.1.0"
    "@uppy/status-bar" "^4.0.5"
    "@uppy/thumbnail-generator" "^4.0.2"
    "@uppy/utils" "^6.0.5"
    classnames "^2.2.6"
    lodash "^4.17.21"
    memoize-one "^6.0.0"
    nanoid "^5.0.0"
    preact "^10.5.13"
    shallow-equal "^3.0.0"

"@uppy/drag-drop@^4.0.5":
  version "4.0.5"
  resolved "https://registry.yarnpkg.com/@uppy/drag-drop/-/drag-drop-4.0.5.tgz#e7c0f0c9a10f52599dd81b68ab0644ae75ed24cd"
  integrity sha512-ysSB2JUzN1OQ6CZlHXelMvvDu4s/Wn7wDdFicQjXCOfqIA/NuR+FWrsrKaFioAgLYNyrxGKffRJC9ovEp2OFtg==
  dependencies:
    "@uppy/utils" "^6.0.5"
    preact "^10.5.13"

"@uppy/drop-target@^3.0.2":
  version "3.0.2"
  resolved "https://registry.yarnpkg.com/@uppy/drop-target/-/drop-target-3.0.2.tgz#ad24ab01bbfd142f4ea95d52a9167528360a793a"
  integrity sha512-NXUsl7Ohf4iaYwyY5Goic0TPTl1V7qVZ0EQDrbNHRgFR6Lda54Gqh7sFoMeaP9sUutEOwXXvPSLE/VWa2mv1Mg==
  dependencies:
    "@uppy/utils" "^6.0.5"

"@uppy/dropbox@^4.1.2":
  version "4.1.2"
  resolved "https://registry.yarnpkg.com/@uppy/dropbox/-/dropbox-4.1.2.tgz#936917c9445d9ca98deb9b6ecb4a90c1ddb4055e"
  integrity sha512-Ov9cc/DikO8vOf0Qq4r9+Isg0YfOe7B4LB6rPx6jW4ZsS03FOmyQAp+XbQxtSwRhbwSg8Oa5x1RitlohbUxNYA==
  dependencies:
    "@uppy/companion-client" "^4.2.0"
    "@uppy/provider-views" "^4.1.0"
    "@uppy/utils" "^6.0.5"
    preact "^10.5.13"

"@uppy/facebook@^4.1.2":
  version "4.1.2"
  resolved "https://registry.yarnpkg.com/@uppy/facebook/-/facebook-4.1.2.tgz#10f394fa5cdcd3f78caf89825b00a1ef74d71bb0"
  integrity sha512-x+UvBILFmOCTw91Wg5ODepLrea5ghL27ukrSdTqdI39nVtj69r23Kn7AhK67Tjp256FSYG1xNaqamIh255a09Q==
  dependencies:
    "@uppy/companion-client" "^4.2.0"
    "@uppy/provider-views" "^4.1.0"
    "@uppy/utils" "^6.0.5"
    preact "^10.5.13"

"@uppy/file-input@^4.0.4":
  version "4.0.4"
  resolved "https://registry.yarnpkg.com/@uppy/file-input/-/file-input-4.0.4.tgz#f37957d14d1e5571bf1d33b75d5d04e8837bcd14"
  integrity sha512-7CGfPImcNc/anEKRouL4PCi/Kx6Y9aveO1x/sAyG9GNHm0uCpuZ9UOiaDJmczjK4LMCjAUtVW6ZHsW4+349NPQ==
  dependencies:
    "@uppy/utils" "^6.0.5"
    preact "^10.5.13"

"@uppy/form@^4.0.2":
  version "4.0.2"
  resolved "https://registry.yarnpkg.com/@uppy/form/-/form-4.0.2.tgz#fc4a3b52bf09c207ff621bc8b39148e4fcda7be9"
  integrity sha512-bzR5u3/cyrqEWLu/7oabT4Fp/UZ8ah4NJakZYLg3d6JjpXyZtw3EQCNO1psB8CElZeFbj6nykhU5w2I5LjuX9Q==
  dependencies:
    "@uppy/utils" "^6.0.5"
    get-form-data "^3.0.0"

"@uppy/golden-retriever@^4.0.2":
  version "4.0.2"
  resolved "https://registry.yarnpkg.com/@uppy/golden-retriever/-/golden-retriever-4.0.2.tgz#3746ba9fc306e5f38f7c4b12ff793e6d7e276e13"
  integrity sha512-+oBng7C10/ERaMtA1sEyZfqRe01mADevPwN5jydTcuwLDjgvC83vbUkjYL8iIYBpAibgfW7csT86WUCvvnpRBA==
  dependencies:
    "@uppy/utils" "^6.0.5"
    lodash "^4.17.21"

"@uppy/google-drive-picker@^0.2.1":
  version "0.2.1"
  resolved "https://registry.yarnpkg.com/@uppy/google-drive-picker/-/google-drive-picker-0.2.1.tgz#9e3c29e4563a53b3c775f8243a2d4de7a9717400"
  integrity sha512-3QFIBP4qSV0nXHmUed3Kz20pd065lzRqzoMw1fL5jFLYNyZJvu/ZcwvKoOBwwuqJyXyRkbmb6obPCOHfdNaQmw==
  dependencies:
    "@uppy/companion-client" "^4.3.0"
    "@uppy/provider-views" "^4.2.0"
    "@uppy/utils" "^6.0.6"
    preact "^10.5.13"

"@uppy/google-drive@^4.2.0":
  version "4.2.0"
  resolved "https://registry.yarnpkg.com/@uppy/google-drive/-/google-drive-4.2.0.tgz#29b09648a9908192ed10a985e758a94b134375d0"
  integrity sha512-b9cVJFm6/BE0pffysB45aJ414Ou0NGt3ZivsVTAXJYCItJdxHodxSjwHOJ2r3Vr535Z0/fWTWzuM58hGNq50Kw==
  dependencies:
    "@uppy/companion-client" "^4.2.0"
    "@uppy/provider-views" "^4.1.0"
    "@uppy/utils" "^6.0.5"
    preact "^10.5.13"

"@uppy/google-photos-picker@^0.2.1":
  version "0.2.1"
  resolved "https://registry.yarnpkg.com/@uppy/google-photos-picker/-/google-photos-picker-0.2.1.tgz#ecdf97287c89f150e19048bd364960b85e45fcf6"
  integrity sha512-umOVWe02YCaMm6SK0SAAJ9GAFEEgoLRLtI6NNExEyzg5ZrXaPqGMscRsndcNK9e4mNMN8KAcEDYYf9yn0XmYKA==
  dependencies:
    "@uppy/companion-client" "^4.3.0"
    "@uppy/provider-views" "^4.2.0"
    "@uppy/utils" "^6.0.6"
    preact "^10.5.13"

"@uppy/google-photos@^0.4.0":
  version "0.4.0"
  resolved "https://registry.yarnpkg.com/@uppy/google-photos/-/google-photos-0.4.0.tgz#16deb566c1d5de68e8d595a47b4655df316edc73"
  integrity sha512-xvcZYhsJ1lAg6tQ7gggGqDQY5tlOWmBW+QWrYDSDz+re8OGsv45gJeUmPux/MnATvh/50ip6zCaRGfjGa0jJrA==
  dependencies:
    "@uppy/companion-client" "^4.2.0"
    "@uppy/provider-views" "^4.1.0"
    "@uppy/utils" "^6.0.5"
    preact "^10.5.13"

"@uppy/image-editor@^3.2.1":
  version "3.2.1"
  resolved "https://registry.yarnpkg.com/@uppy/image-editor/-/image-editor-3.2.1.tgz#4303ec4b3bfa979472c7f8b71e8e2b062d4d40db"
  integrity sha512-AqlyeRn4n4SmiVydJxY2DC5UGpaQxqF0CP3AcQLpizA+RSM/Z6ltZoZJ5XiRVRKiTbVCt4GHWufd42TVZbwFLQ==
  dependencies:
    "@uppy/utils" "^6.0.5"
    cropperjs "^1.6.2"
    preact "^10.5.13"

"@uppy/informer@^4.1.2":
  version "4.1.2"
  resolved "https://registry.yarnpkg.com/@uppy/informer/-/informer-4.1.2.tgz#3943bc8f57bb41eb4436c427b87bd73e5ad10a0f"
  integrity sha512-+fsDuuAivHlF+AXOQpiJMIbavGbAhBfn36SF5q52DlFr9151lWUe2sQ3wR3yCyyRkcq006Xx7oeWnOI+mM/10A==
  dependencies:
    "@uppy/utils" "^6.0.5"
    preact "^10.5.13"

"@uppy/instagram@^4.1.2":
  version "4.1.2"
  resolved "https://registry.yarnpkg.com/@uppy/instagram/-/instagram-4.1.2.tgz#c7c84e0142618f6d63c55b8273e6a01b85628680"
  integrity sha512-V8Rc7x+dlYceMffoHJW6M88GdL9pbRjYgTU6BuzwmTPgDd3je7fW2TZurzh9bsx25hkq/EFrmCSeZKBasqkaNg==
  dependencies:
    "@uppy/companion-client" "^4.2.0"
    "@uppy/provider-views" "^4.1.0"
    "@uppy/utils" "^6.0.5"
    preact "^10.5.13"

"@uppy/onedrive@^4.1.2":
  version "4.1.2"
  resolved "https://registry.yarnpkg.com/@uppy/onedrive/-/onedrive-4.1.2.tgz#6b57ed4a9543b6626372f445ac278d356244a7f8"
  integrity sha512-0YzIN6xbHzEMF6mBKuJM7XNwsPFznfC5tppi2mhNWCBj0bJjEUJzADKS8mgri4yNHGg5mlAfIUn6FYaYyHBNqQ==
  dependencies:
    "@uppy/companion-client" "^4.2.0"
    "@uppy/provider-views" "^4.1.0"
    "@uppy/utils" "^6.0.5"
    preact "^10.5.13"

"@uppy/progress-bar@^4.1.0":
  version "4.1.0"
  resolved "https://registry.yarnpkg.com/@uppy/progress-bar/-/progress-bar-4.1.0.tgz#8333c3b72638b4f7df683dd060f62e75ea92243a"
  integrity sha512-rXdDzukrOfw5qvPjvxBqn4tz1TYmXUJncnQ54aome3VC01+H+tmkgxCfyIFTHK04dyyF+dZVI6JgiiDXZ5aK/A==
  dependencies:
    "@uppy/utils" "^6.0.6"
    preact "^10.5.13"

"@uppy/provider-views@^4.1.0", "@uppy/provider-views@^4.2.0":
  version "4.2.0"
  resolved "https://registry.yarnpkg.com/@uppy/provider-views/-/provider-views-4.2.0.tgz#127407105b19f397e3105ee5914da374539a6f65"
  integrity sha512-0em+bAUvcZFV4kHIq154LK1d53rDyiN6cfhXCBQSb65erLlaKX/rmsbiMzvy2/pOhcWltaGlQwVWIoS+tF1G1A==
  dependencies:
    "@uppy/utils" "^6.0.6"
    classnames "^2.2.6"
    nanoid "^5.0.0"
    p-queue "^8.0.0"
    preact "^10.5.13"

"@uppy/redux-dev-tools@^4.0.1":
  version "4.0.1"
  resolved "https://registry.yarnpkg.com/@uppy/redux-dev-tools/-/redux-dev-tools-4.0.1.tgz#79ab9662ae703acf876ce25bdecd28a27447cd36"
  integrity sha512-YpMPhJqjUbI2ebyBKGx19US4UDDfcqCVebvMhQvL7BqlirjjBGykYdxuGLg7Uui7hvlAOvdsi+iwLtOeuOZHbg==

"@uppy/remote-sources@^2.2.1":
  version "2.2.1"
  resolved "https://registry.yarnpkg.com/@uppy/remote-sources/-/remote-sources-2.2.1.tgz#17f05434ce2c7ff5393532ac9231f2d5aed65b6a"
  integrity sha512-FNc6LWON4DTDQIb8hH/+m0Hsc3cXEyWBBcwfxVnrInjg3ETvaqr/1HwPM5vAPlyY5VVs0WPqYMOVysf7+gnB4Q==
  dependencies:
    "@uppy/box" "^3.1.2"
    "@uppy/dashboard" "^4.1.3"
    "@uppy/dropbox" "^4.1.2"
    "@uppy/facebook" "^4.1.2"
    "@uppy/google-drive" "^4.2.0"
    "@uppy/google-photos" "^0.4.0"
    "@uppy/instagram" "^4.1.2"
    "@uppy/onedrive" "^4.1.2"
    "@uppy/unsplash" "^4.1.2"
    "@uppy/url" "^4.1.2"
    "@uppy/zoom" "^3.1.2"

"@uppy/screen-capture@^4.1.2":
  version "4.1.2"
  resolved "https://registry.yarnpkg.com/@uppy/screen-capture/-/screen-capture-4.1.2.tgz#7961749a8f0cbf2c00bd6555809e338b7c89cd95"
  integrity sha512-KRXs5xrnyI5KNkvZ22JHMmXRJ7XKaredqY61aL3phfW9rnm1ip97aTBF7C6Wk50eHS3nFtLHGlD2a3fYUiT8zg==
  dependencies:
    "@uppy/utils" "^6.0.5"
    preact "^10.5.13"

"@uppy/status-bar@^4.0.5", "@uppy/status-bar@^4.0.6":
  version "4.0.6"
  resolved "https://registry.yarnpkg.com/@uppy/status-bar/-/status-bar-4.0.6.tgz#e6663867d5ff57b4e48f7c9814625662ad811d94"
  integrity sha512-FuRtew70hfCCQE4sJmMkMGsokIpoU9B4q78L2iF496y531oJ3chhaywgLZhKgIDub2Xiyj2gCPUREi7W3sbA5g==
  dependencies:
    "@transloadit/prettier-bytes" "^0.3.4"
    "@uppy/utils" "^6.0.6"
    classnames "^2.2.6"
    preact "^10.5.13"

"@uppy/store-default@^4.1.2":
  version "4.1.2"
  resolved "https://registry.yarnpkg.com/@uppy/store-default/-/store-default-4.1.2.tgz#047c772b5cd0f0fdbf079bd8f7ecc91b811e3caa"
  integrity sha512-1Zi4S9rZiiEzDw/7TDNtwCWP8Y/6aBtWzKwP6EWH7NHBKX8yGFlQMRDwAXCKaxDxb46L0RNK8nWjOzHM+0Farg==

"@uppy/store-redux@^4.0.1":
  version "4.0.1"
  resolved "https://registry.yarnpkg.com/@uppy/store-redux/-/store-redux-4.0.1.tgz#e80db654a29104b2c279dc15c8a835ef314c4b4b"
  integrity sha512-GA6P8qI3uylA07gphpylbQS3GXlLI827KvfMPziighOTOiq9cKgIdKSD3OxwtcZmckkgwyrlocoM8/K8VAU0GQ==
  dependencies:
    nanoid "^5.0.0"

"@uppy/thumbnail-generator@^4.0.2":
  version "4.0.2"
  resolved "https://registry.yarnpkg.com/@uppy/thumbnail-generator/-/thumbnail-generator-4.0.2.tgz#ac70bd7fd1e95a72b4bc0754c820160d5566d84d"
  integrity sha512-5viK5dxekUTmEaHwRwN3qTBU2bu2uDxMr91gwVoT2niL37erkNau0fFwFpZYuc5V0A9PacP27Jcs7R5a6giTCA==
  dependencies:
    "@uppy/utils" "^6.0.5"
    exifr "^7.0.0"

"@uppy/transloadit@^4.1.4":
  version "4.1.4"
  resolved "https://registry.yarnpkg.com/@uppy/transloadit/-/transloadit-4.1.4.tgz#c1334dbdde2620bf619f0e02afb4bcd2a35afb3a"
  integrity sha512-V9Su3Kms42J+AB6DZgvykX4imVdFuHDBBJCXSkms/mTw6yE9YjEyNKFlzmoyaWlzkJpMSUTLAEwh2dTlvgYMwg==
  dependencies:
    "@uppy/companion-client" "^4.2.0"
    "@uppy/provider-views" "^4.1.0"
    "@uppy/tus" "^4.1.5"
    "@uppy/utils" "^6.0.5"
    component-emitter "^2.0.0"

"@uppy/tus@^4.1.5":
  version "4.1.5"
  resolved "https://registry.yarnpkg.com/@uppy/tus/-/tus-4.1.5.tgz#379ae700b0daf5d40731737eb40b5140557f1046"
  integrity sha512-vVfFuDkBbCSFpB5M2oh0yDkY8aR5UXCsNa0v71CtyBKZfCiSHzJ/jL5AVMKr9gaEpYitIDhTKS+YItwZpV6Dng==
  dependencies:
    "@uppy/companion-client" "^4.2.0"
    "@uppy/utils" "^6.0.5"
    tus-js-client "^4.2.3"

"@uppy/unsplash@^4.1.2":
  version "4.1.2"
  resolved "https://registry.yarnpkg.com/@uppy/unsplash/-/unsplash-4.1.2.tgz#293c359c2db33f1fe7bb956105702a378d2729c8"
  integrity sha512-E8ITyYVIQKPPtzx/JrGEf6bvcr9rDiBvrWEe65Qyq7cIbIHACDaZWyszVNG/MeAHtakzElatzqy3ATDxJ+gskg==
  dependencies:
    "@uppy/companion-client" "^4.2.0"
    "@uppy/provider-views" "^4.1.0"
    "@uppy/utils" "^6.0.5"
    preact "^10.5.13"

"@uppy/url@^4.1.2":
  version "4.1.2"
  resolved "https://registry.yarnpkg.com/@uppy/url/-/url-4.1.2.tgz#6e07b2d09f0a3b3aabeffa3ff7a2a102963ae470"
  integrity sha512-j1UA8XepHCUOgVCESHpJJtVj3ZIJ8kFw47eE57qANKx1PgFrGlMZqUBSHKfuQ5YjqOPxZ1H0OkvMeUz/f9uViQ==
  dependencies:
    "@uppy/companion-client" "^4.2.0"
    "@uppy/utils" "^6.0.5"
    nanoid "^5.0.0"
    preact "^10.5.13"

"@uppy/utils@^6.0.5", "@uppy/utils@^6.0.6":
  version "6.0.6"
  resolved "https://registry.yarnpkg.com/@uppy/utils/-/utils-6.0.6.tgz#c2fc4c6440d7ef8f23b7551c0283496ea0fb2825"
  integrity sha512-7/4jrJTSEth7DKCOZiOEY3JWGTUlwV9Gnrtlp25yJvJ7HbOVQ0ToJUuDz9wCZJ3V2++zfj30JbvBynbOH40WxA==
  dependencies:
    lodash "^4.17.21"
    preact "^10.5.13"

"@uppy/webcam@^4.0.3":
  version "4.0.3"
  resolved "https://registry.yarnpkg.com/@uppy/webcam/-/webcam-4.0.3.tgz#d984d8f9e515858c7a138de16e9b28c65658dedf"
  integrity sha512-sXczLKE5bJhOTIUW7DSjTS7F7rpoz/LEFgdtVRPebAdPVMQ93Iw4S8THzGEb6LAj5JhbFjWa8eT+01jN4aS5EQ==
  dependencies:
    "@uppy/utils" "^6.0.5"
    is-mobile "^4.0.0"
    preact "^10.5.13"

"@uppy/webdav@^0.1.0":
  version "0.1.0"
  resolved "https://registry.yarnpkg.com/@uppy/webdav/-/webdav-0.1.0.tgz#1c98594942471bbb2c8d20863f67f7b0b22aa19d"
  integrity sha512-PIWHAM58ZrGgwv/kFCRIqpbWOjLNb/WXp9XU62EROTtABYTnb0/Uc2YOyKJUJYYasD7JtKF3R2Oty3X3jPHtlw==
  dependencies:
    "@uppy/companion-client" "^4.3.0"
    "@uppy/provider-views" "^4.2.0"
    "@uppy/utils" "^6.0.6"
    preact "^10.5.13"

"@uppy/xhr-upload@^4.2.3":
  version "4.2.3"
  resolved "https://registry.yarnpkg.com/@uppy/xhr-upload/-/xhr-upload-4.2.3.tgz#5e112b0b7ac37f984cb4ba5c76683125b0725b15"
  integrity sha512-XoqrfNCSADvPXcKHeilyEVNOtoWCI6OFaJA2tRp0EL+L9iF4FRr++SvkgJb7xFv04TCTT1h5CDKxGLmnf0e4yg==
  dependencies:
    "@uppy/companion-client" "^4.2.0"
    "@uppy/utils" "^6.0.5"

"@uppy/zoom@^3.1.2":
  version "3.1.2"
  resolved "https://registry.yarnpkg.com/@uppy/zoom/-/zoom-3.1.2.tgz#142d3fbeb62b477850d24fe3995b6588df73a708"
  integrity sha512-pL7H4qXk9X4OAJDGh4zuS+HHplyu7JxY58KucYrGoLznvA4k3bPZoi/yjb5buueadAtJUas6Uq2B0qv6HJkCdA==
  dependencies:
    "@uppy/companion-client" "^4.2.0"
    "@uppy/provider-views" "^4.1.0"
    "@uppy/utils" "^6.0.5"
    preact "^10.5.13"

"@volo/abp.aspnetcore.mvc.ui.theme.commercial@~9.0.2":
  version "9.0.2"
  resolved "https://registry.yarnpkg.com/@volo/abp.aspnetcore.mvc.ui.theme.commercial/-/abp.aspnetcore.mvc.ui.theme.commercial-9.0.2.tgz#768ac7ff81d1a400bd02b8de67ee001f8673be6e"
  integrity sha512-qCJ0K78htgTqsEjxGE3HG8Fs+DYfPec6z9f0pJ6ycPZEjFmHJz7FTtmC9RTuQg5Po2Q0okCaO2JiFyeBKVTr/g==
  dependencies:
    "@abp/aspnetcore.mvc.ui.theme.shared" "~9.0.2"

"@volo/abp.aspnetcore.mvc.ui.theme.leptonx@~4.0.3":
  version "4.0.3"
  resolved "https://registry.yarnpkg.com/@volo/abp.aspnetcore.mvc.ui.theme.leptonx/-/abp.aspnetcore.mvc.ui.theme.leptonx-4.0.3.tgz#6dee367abd87054044af9aa9cb9ef440d26ff895"
  integrity sha512-6Qh7Eaf9LwJk84LzKTMBOwUeHNU4IARishIV1VL492KATfkQYpfBGixpqYUf2w0rJistsEE6+niawTxAX5wboA==
  dependencies:
    "@volo/abp.aspnetcore.mvc.ui.theme.commercial" "~9.0.2"

"@volo/account@~9.0.2":
  version "9.0.2"
  resolved "https://registry.yarnpkg.com/@volo/account/-/account-9.0.2.tgz#23e4316e74730706fc828c136d1d310b0ca7ef64"
  integrity sha512-sC2Qb5XafYw8TQAf+vnnFpsma2Zofx7HOTLpD0VgItZuY/XyzAcfZsHUw+xqR1nzIP076usjsOfYLTUXDezmsQ==
  dependencies:
    "@abp/cropperjs" "~9.0.2"
    "@abp/qrcode" "~9.0.2"
    "@abp/uppy" "~9.0.2"
    "@abp/zxcvbn" "~9.0.2"
    "@volo/abp.aspnetcore.mvc.ui.theme.commercial" "~9.0.2"

ansi-colors@^4.1.3:
  version "4.1.3"
  resolved "https://registry.yarnpkg.com/ansi-colors/-/ansi-colors-4.1.3.tgz#37611340eb2243e70cc604cad35d63270d48781b"
  integrity sha512-/6w/C21Pm1A7aZitlI5Ni/2J6FFQN8i1Cvz3kHABAAbw93v/NlvKdVOqz7CCWz/3iv/JplRSEEZ83XION15ovw==

blueimp-canvas-to-blob@^3.29.0:
  version "3.29.0"
  resolved "https://registry.yarnpkg.com/blueimp-canvas-to-blob/-/blueimp-canvas-to-blob-3.29.0.tgz#d965f06cb1a67fdae207a2be56683f55ef531466"
  integrity sha512-0pcSSGxC0QxT+yVkivxIqW0Y4VlO2XSDPofBAqoJ1qJxgH9eiUDLv50Rixij2cDuEfx4M6DpD9UGZpRhT5Q8qg==

bootstrap-datepicker@^1.10.0:
  version "1.10.0"
  resolved "https://registry.yarnpkg.com/bootstrap-datepicker/-/bootstrap-datepicker-1.10.0.tgz#61612bbe8bf0a69a5bce32bbcdda93ebb6ccf24a"
  integrity sha512-lWxtSYddAQOpbAO8UhYhHLcK6425eWoSjb5JDvZU3ePHEPF6A3eUr51WKaFy4PccU19JRxUG6wEU3KdhtKfvpg==
  dependencies:
    jquery ">=3.4.0 <4.0.0"

bootstrap-daterangepicker@^3.1.0:
  version "3.1.0"
  resolved "https://registry.yarnpkg.com/bootstrap-daterangepicker/-/bootstrap-daterangepicker-3.1.0.tgz#632e6fb2de4b6360c5c0a9d5f6adb9aace051fe8"
  integrity sha512-oaQZx6ZBDo/dZNyXGVi2rx5GmFXThyQLAxdtIqjtLlYVaQUfQALl5JZMJJZzyDIX7blfy4ppZPAJ10g8Ma4d/g==
  dependencies:
    jquery ">=1.10"
    moment "^2.9.0"

bootstrap@^5.3.3:
  version "5.3.3"
  resolved "https://registry.yarnpkg.com/bootstrap/-/bootstrap-5.3.3.tgz#de35e1a765c897ac940021900fcbb831602bac38"
  integrity sha512-8HLCdWgyoMguSO9o+aH+iuZ+aht+mzW0u3HIMzVu7Srrpv7EBBxTnrFlSCskwdY1+EOFQSm7uMJhNQHkdPcmjg==

buffer-from@^1.1.2:
  version "1.1.2"
  resolved "https://registry.yarnpkg.com/buffer-from/-/buffer-from-1.1.2.tgz#2b146a6fd72e80b4f55d255f35ed59a3a9a41bd5"
  integrity sha512-E+XQCRwSbaaiChtv6k6Dwgc+bx+Bs6vuKJHHl5kox/BaKbhiXzqQOwK4cO22yElGp2OCmjwVhT3HmxgyPGnJfQ==

classnames@^2.2.6:
  version "2.5.1"
  resolved "https://registry.yarnpkg.com/classnames/-/classnames-2.5.1.tgz#ba774c614be0f016da105c858e7159eae8e7687b"
  integrity sha512-saHYOzhIQs6wy2sVxTM6bUDsQO4F50V9RQ22qBpEdCW+I+/Wmke2HOl6lS6dTpdxVhb88/I6+Hs+438c3lfUow==

combine-errors@^3.0.3:
  version "3.0.3"
  resolved "https://registry.yarnpkg.com/combine-errors/-/combine-errors-3.0.3.tgz#f4df6740083e5703a3181110c2b10551f003da86"
  integrity sha512-C8ikRNRMygCwaTx+Ek3Yr+OuZzgZjduCOfSQBjbM8V3MfgcjSTeto/GXP6PAwKvJz/v15b7GHZvx5rOlczFw/Q==
  dependencies:
    custom-error-instance "2.1.1"
    lodash.uniqby "4.5.0"

component-emitter@^2.0.0:
  version "2.0.0"
  resolved "https://registry.yarnpkg.com/component-emitter/-/component-emitter-2.0.0.tgz#3a137dfe66fcf2efe3eab7cb7d5f51741b3620c6"
  integrity sha512-4m5s3Me2xxlVKG9PkZpQqHQR7bgpnN7joDMJ4yvVkVXngjoITG76IaZmzmywSeRTeTpc6N6r3H3+KyUurV8OYw==

compressorjs@^1.2.1:
  version "1.2.1"
  resolved "https://registry.yarnpkg.com/compressorjs/-/compressorjs-1.2.1.tgz#4dee18ef5032f8166bd0a3258f045eda2cd07671"
  integrity sha512-+geIjeRnPhQ+LLvvA7wxBQE5ddeLU7pJ3FsKFWirDw6veY3s9iLxAQEw7lXGHnhCJvBujEQWuNnGzZcvCvdkLQ==
  dependencies:
    blueimp-canvas-to-blob "^3.29.0"
    is-blob "^2.1.0"

cropperjs@^1.6.2:
  version "1.6.2"
  resolved "https://registry.yarnpkg.com/cropperjs/-/cropperjs-1.6.2.tgz#d1a5d627d880581cca41b7901f06923500e4201b"
  integrity sha512-nhymn9GdnV3CqiEHJVai54TULFAE3VshJTXSqSJKa8yXAKyBKDWdhHarnlIPrshJ0WMFTGuFvG02YjLXfPiuOA==

custom-error-instance@2.1.1:
  version "2.1.1"
  resolved "https://registry.yarnpkg.com/custom-error-instance/-/custom-error-instance-2.1.1.tgz#3cf6391487a6629a6247eb0ca0ce00081b7e361a"
  integrity sha512-p6JFxJc3M4OTD2li2qaHkDCw9SfMw82Ldr6OC9Je1aXiGfhx2W8p3GaoeaGrPJTUN9NirTM/KTxHWMUdR1rsUg==

datatables.net-bs5@^2.1.8:
  version "2.1.8"
  resolved "https://registry.yarnpkg.com/datatables.net-bs5/-/datatables.net-bs5-2.1.8.tgz#860717c4ee85ecb84812ba9a73fb1204aa2a68b6"
  integrity sha512-YlGws8eI3iw/1AmKJH18+YMzm/UgGb6o9s14KAC24QT1/8anolm8GnVAgGcwUcvHm3hn1i8A5QXqgbqeMRINeg==
  dependencies:
    datatables.net "2.1.8"
    jquery ">=1.7"

datatables.net@2.1.8, datatables.net@^2.1.8:
  version "2.1.8"
  resolved "https://registry.yarnpkg.com/datatables.net/-/datatables.net-2.1.8.tgz#9b020f18e927cc924d72411f62dc595cc688669b"
  integrity sha512-47ULt+U4bcjbuGTpTlT6SnCuSFVRBxxdWa6X3NfvTObBJ2BZU0o+JUIl05wQ6cABNIavjbAV51gpgvFsMHL9zA==
  dependencies:
    jquery ">=1.7"

eventemitter3@^5.0.1:
  version "5.0.1"
  resolved "https://registry.yarnpkg.com/eventemitter3/-/eventemitter3-5.0.1.tgz#53f5ffd0a492ac800721bb42c66b841de96423c4"
  integrity sha512-GWkBvjiSZK87ELrYOSESUYeVIc9mvLLf/nXalMOS5dYrgZq9o5OVkbZAVM06CVxYsCwH9BDZFPlQTlPA1j4ahA==

exifr@^7.0.0:
  version "7.1.3"
  resolved "https://registry.yarnpkg.com/exifr/-/exifr-7.1.3.tgz#f6218012c36dbb7d843222011b27f065fddbab6f"
  integrity sha512-g/aje2noHivrRSLbAUtBPWFbxKdKhgj/xr1vATDdUXPOFYJlQ62Ft0oy+72V6XLIpDJfHs6gXLbBLAolqOXYRw==

get-form-data@^3.0.0:
  version "3.0.0"
  resolved "https://registry.yarnpkg.com/get-form-data/-/get-form-data-3.0.0.tgz#7abbf0e75e5ff155f75ba26eadeb9a4d70bf95dc"
  integrity sha512-1d53Kn08wlPuLu31/boF1tW2WRYKw3xAWae3mqcjqpDjoqVBtXolbQnudbbEFyFWL7+2SLGRAFdotxNY06V7MA==

graceful-fs@^4.2.4:
  version "4.2.11"
  resolved "https://registry.yarnpkg.com/graceful-fs/-/graceful-fs-4.2.11.tgz#4183e4e8bf08bb6e05bbb2f7d2e0c8f712ca40e3"
  integrity sha512-RbJ5/jmFcNNCcDV5o9eTnBLJ/HszWV0P73bc+Ff4nS/rJj+YaS6IGyiOL0VoBYX+l1Wrl3k63h/KrH+nhJ0XvQ==

is-blob@^2.1.0:
  version "2.1.0"
  resolved "https://registry.yarnpkg.com/is-blob/-/is-blob-2.1.0.tgz#e36cd82c90653f1e1b930f11baf9c64216a05385"
  integrity sha512-SZ/fTft5eUhQM6oF/ZaASFDEdbFVe89Imltn9uZr03wdKMcWNVYSMjQPFtg05QuNkt5l5c135ElvXEQG0rk4tw==

is-mobile@^4.0.0:
  version "4.0.0"
  resolved "https://registry.yarnpkg.com/is-mobile/-/is-mobile-4.0.0.tgz#bba396eb9656e2739afde3053d7191da310fc758"
  integrity sha512-mlcHZA84t1qLSuWkt2v0I2l61PYdyQDt4aG1mLIXF5FDMm4+haBCxCPYSr/uwqQNRk1MiTizn0ypEuRAOLRAew==

is-network-error@^1.0.0:
  version "1.1.0"
  resolved "https://registry.yarnpkg.com/is-network-error/-/is-network-error-1.1.0.tgz#d26a760e3770226d11c169052f266a4803d9c997"
  integrity sha512-tUdRRAnhT+OtCZR/LxZelH/C7QtjtFrTu5tXCA8pl55eTUElUHT+GPYV8MBMBvea/j+NxQqVt3LbWMRir7Gx9g==

is-stream@^2.0.0:
  version "2.0.1"
  resolved "https://registry.yarnpkg.com/is-stream/-/is-stream-2.0.1.tgz#fac1e3d53b97ad5a9d0ae9cef2389f5810a5c077"
  integrity sha512-hFoiJiTl63nn+kstHGBtewWSKnQLpyb155KHheA1l39uvtO9nWIop1p3udqPcUd/xbF1VLMO4n7OI6p7RbngDg==

jquery-form@^4.3.0:
  version "4.3.0"
  resolved "https://registry.yarnpkg.com/jquery-form/-/jquery-form-4.3.0.tgz#7d3961c314a1f2d15298f4af1d3943f54f4149c6"
  integrity sha512-q3uaVCEWdLOYUCI6dpNdwf/7cJFOsUgdpq6r0taxtGQ5NJSkOzofyWm4jpOuJ5YxdmL1FI5QR+q+HB63HHLGnQ==
  dependencies:
    jquery ">=1.7.2"

jquery-mousewheel@>=3.0.6:
  version "3.1.13"
  resolved "https://registry.yarnpkg.com/jquery-mousewheel/-/jquery-mousewheel-3.1.13.tgz#06f0335f16e353a695e7206bf50503cb523a6ee5"
  integrity sha512-GXhSjfOPyDemM005YCEHvzrEALhKDIswtxSHSR2e4K/suHVJKJxxRCGz3skPjNxjJjQa9AVSGGlYjv1M3VLIPg==

jquery-validation-unobtrusive@^4.0.0:
  version "4.0.0"
  resolved "https://registry.yarnpkg.com/jquery-validation-unobtrusive/-/jquery-validation-unobtrusive-4.0.0.tgz#dfcf25a558496a2c883db6021d10f5398d15f99d"
  integrity sha512-1ervYFFv6LX/rp7ktuLnMakHNG0piNRDyROI8Ir3hL1vPIwylAehB1AY3BPrYJnzW3WmwWryZq+Bz4sazZK9iQ==
  dependencies:
    jquery "^3.6.0"
    jquery-validation ">=1.19"

jquery-validation@>=1.19, jquery-validation@^1.21.0:
  version "1.21.0"
  resolved "https://registry.yarnpkg.com/jquery-validation/-/jquery-validation-1.21.0.tgz#78fc05ab76020912a246af3661b3f54a438bca93"
  integrity sha512-xNot0rlUIgu7duMcQ5qb6MGkGL/Z1PQaRJQoZAURW9+a/2PGOUxY36o/WyNeP2T9R6jvWB8Z9lUVvvQWI/Zs5w==

jquery@>=1.10, jquery@>=1.12.0, "jquery@>=1.5.0 <4.0", jquery@>=1.7, jquery@>=1.7.2, "jquery@>=3.4.0 <4.0.0", jquery@^3.6.0, jquery@~3.7.1:
  version "3.7.1"
  resolved "https://registry.yarnpkg.com/jquery/-/jquery-3.7.1.tgz#083ef98927c9a6a74d05a6af02806566d16274de"
  integrity sha512-m4avr8yL8kmFN8psrbFFFmB/If14iN5o9nw/NgnnM+kybDJpRsAynV2BsfpTYrTRysYUdADVD7CkUUizgkpLfg==

js-base64@^3.7.2:
  version "3.7.7"
  resolved "https://registry.yarnpkg.com/js-base64/-/js-base64-3.7.7.tgz#e51b84bf78fbf5702b9541e2cb7bfcb893b43e79"
  integrity sha512-7rCnleh0z2CkXhH67J8K1Ytz0b2Y+yxTPL+/KOJoa20hfnVQ/3/T6W/KflYI4bRHRagNeXeU2bkNGI3v1oS/lw==

just-compare@^2.3.0:
  version "2.3.0"
  resolved "https://registry.yarnpkg.com/just-compare/-/just-compare-2.3.0.tgz#a2adcc1d1940536263275f5a1ef1298bcacfeda7"
  integrity sha512-6shoR7HDT+fzfL3gBahx1jZG3hWLrhPAf+l7nCwahDdT9XDtosB9kIF0ZrzUp5QY8dJWfQVr5rnsPqsbvflDzg==

lodash._baseiteratee@~4.7.0:
  version "4.7.0"
  resolved "https://registry.yarnpkg.com/lodash._baseiteratee/-/lodash._baseiteratee-4.7.0.tgz#34a9b5543572727c3db2e78edae3c0e9e66bd102"
  integrity sha512-nqB9M+wITz0BX/Q2xg6fQ8mLkyfF7MU7eE+MNBNjTHFKeKaZAPEzEg+E8LWxKWf1DQVflNEn9N49yAuqKh2mWQ==
  dependencies:
    lodash._stringtopath "~4.8.0"

lodash._basetostring@~4.12.0:
  version "4.12.0"
  resolved "https://registry.yarnpkg.com/lodash._basetostring/-/lodash._basetostring-4.12.0.tgz#9327c9dc5158866b7fa4b9d42f4638e5766dd9df"
  integrity sha512-SwcRIbyxnN6CFEEK4K1y+zuApvWdpQdBHM/swxP962s8HIxPO3alBH5t3m/dl+f4CMUug6sJb7Pww8d13/9WSw==

lodash._baseuniq@~4.6.0:
  version "4.6.0"
  resolved "https://registry.yarnpkg.com/lodash._baseuniq/-/lodash._baseuniq-4.6.0.tgz#0ebb44e456814af7905c6212fa2c9b2d51b841e8"
  integrity sha512-Ja1YevpHZctlI5beLA7oc5KNDhGcPixFhcqSiORHNsp/1QTv7amAXzw+gu4YOvErqVlMVyIJGgtzeepCnnur0A==
  dependencies:
    lodash._createset "~4.0.0"
    lodash._root "~3.0.0"

lodash._createset@~4.0.0:
  version "4.0.3"
  resolved "https://registry.yarnpkg.com/lodash._createset/-/lodash._createset-4.0.3.tgz#0f4659fbb09d75194fa9e2b88a6644d363c9fe26"
  integrity sha512-GTkC6YMprrJZCYU3zcqZj+jkXkrXzq3IPBcF/fIPpNEAB4hZEtXU8zp/RwKOvZl43NUmwDbyRk3+ZTbeRdEBXA==

lodash._root@~3.0.0:
  version "3.0.1"
  resolved "https://registry.yarnpkg.com/lodash._root/-/lodash._root-3.0.1.tgz#fba1c4524c19ee9a5f8136b4609f017cf4ded692"
  integrity sha512-O0pWuFSK6x4EXhM1dhZ8gchNtG7JMqBtrHdoUFUWXD7dJnNSUze1GuyQr5sOs0aCvgGeI3o/OJW8f4ca7FDxmQ==

lodash._stringtopath@~4.8.0:
  version "4.8.0"
  resolved "https://registry.yarnpkg.com/lodash._stringtopath/-/lodash._stringtopath-4.8.0.tgz#941bcf0e64266e5fc1d66fed0a6959544c576824"
  integrity sha512-SXL66C731p0xPDC5LZg4wI5H+dJo/EO4KTqOMwLYCH3+FmmfAKJEZCm6ohGpI+T1xwsDsJCfL4OnhorllvlTPQ==
  dependencies:
    lodash._basetostring "~4.12.0"

lodash.throttle@^4.1.1:
  version "4.1.1"
  resolved "https://registry.yarnpkg.com/lodash.throttle/-/lodash.throttle-4.1.1.tgz#c23e91b710242ac70c37f1e1cda9274cc39bf2f4"
  integrity sha512-wIkUCfVKpVsWo3JSZlc+8MB5it+2AN5W8J7YVMST30UrvcQNZ1Okbj+rbVniijTWE6FGYy4XJq/rHkas8qJMLQ==

lodash.uniqby@4.5.0:
  version "4.5.0"
  resolved "https://registry.yarnpkg.com/lodash.uniqby/-/lodash.uniqby-4.5.0.tgz#a3a17bbf62eeb6240f491846e97c1c4e2a5e1e21"
  integrity sha512-IRt7cfTtHy6f1aRVA5n7kT8rgN3N1nH6MOWLcHfpWG2SH19E3JksLK38MktLxZDhlAjCP9jpIXkOnRXlu6oByQ==
  dependencies:
    lodash._baseiteratee "~4.7.0"
    lodash._baseuniq "~4.6.0"

lodash@^4.17.21:
  version "4.17.21"
  resolved "https://registry.yarnpkg.com/lodash/-/lodash-4.17.21.tgz#679591c564c3bffaae8454cf0b3df370c3d6911c"
  integrity sha512-v2kDEe57lecTulaDIuNTPy3Ry4gLGJ6Z1O3vE1krgXZNrsQ+LFTGHVxVjcXPs17LhbZVGedAJv8XZ1tvj5FvSg==

luxon@^3.5.0:
  version "3.5.0"
  resolved "https://registry.yarnpkg.com/luxon/-/luxon-3.5.0.tgz#6b6f65c5cd1d61d1fd19dbf07ee87a50bf4b8e20"
  integrity sha512-rh+Zjr6DNfUYR3bPwJEnuwDdqMbxZW7LOQfUN4B54+Cl+0o5zaU9RJ6bcidfDtC1cWCZXQ+nvX8bf6bAji37QQ==

malihu-custom-scrollbar-plugin@^3.1.5:
  version "3.1.5"
  resolved "https://registry.yarnpkg.com/malihu-custom-scrollbar-plugin/-/malihu-custom-scrollbar-plugin-3.1.5.tgz#310cecc5e59415a1c29e9dfb5d2b6e01d66a29ef"
  integrity sha512-lwW3LgI+CNDMPnP4ED2la6oYxWMkCXlnhex+s2wuOLhFDFGnGmQuTQVdRK9bvDLpxs10sGlfErVufJy9ztfgJQ==
  dependencies:
    jquery-mousewheel ">=3.0.6"

memoize-one@^6.0.0:
  version "6.0.0"
  resolved "https://registry.yarnpkg.com/memoize-one/-/memoize-one-6.0.0.tgz#b2591b871ed82948aee4727dc6abceeeac8c1045"
  integrity sha512-rkpe71W0N0c0Xz6QD0eJETuWAJGnJ9afsl1srmwPrI+yBCkge5EycXXbYRyvL29zZVUWQCY7InPRCv3GDXuZNw==

mime-match@^1.0.2:
  version "1.0.2"
  resolved "https://registry.yarnpkg.com/mime-match/-/mime-match-1.0.2.tgz#3f87c31e9af1a5fd485fb9db134428b23bbb7ba8"
  integrity sha512-VXp/ugGDVh3eCLOBCiHZMYWQaTNUHv2IJrut+yXA6+JbLPXHglHwfS/5A5L0ll+jkCY7fIzRJcH6OIunF+c6Cg==
  dependencies:
    wildcard "^1.1.0"

moment@^2.30.1, moment@^2.9.0:
  version "2.30.1"
  resolved "https://registry.yarnpkg.com/moment/-/moment-2.30.1.tgz#f8c91c07b7a786e30c59926df530b4eac96974ae"
  integrity sha512-uEmtNhbDOrWPFS+hdjFCBfy9f2YoyzRpwcl+DqpC6taX21FzsTLQVbMV/W7PzNSX6x/bhC1zA3c2UQ5NzH6how==

namespace-emitter@^2.0.1:
  version "2.0.1"
  resolved "https://registry.yarnpkg.com/namespace-emitter/-/namespace-emitter-2.0.1.tgz#978d51361c61313b4e6b8cf6f3853d08dfa2b17c"
  integrity sha512-N/sMKHniSDJBjfrkbS/tpkPj4RAbvW3mr8UAzvlMHyun93XEm83IAvhWtJVHo+RHn/oO8Job5YN4b+wRjSVp5g==

nanoid@^5.0.0:
  version "5.0.9"
  resolved "https://registry.yarnpkg.com/nanoid/-/nanoid-5.0.9.tgz#977dcbaac055430ce7b1e19cf0130cea91a20e50"
  integrity sha512-Aooyr6MXU6HpvvWXKoVoXwKMs/KyVakWwg7xQfv5/S/RIgJMy0Ifa45H9qqYy7pTCszrHzP21Uk4PZq2HpEM8Q==

p-queue@^8.0.0:
  version "8.0.1"
  resolved "https://registry.yarnpkg.com/p-queue/-/p-queue-8.0.1.tgz#718b7f83836922ef213ddec263ff4223ce70bef8"
  integrity sha512-NXzu9aQJTAzbBqOt2hwsR63ea7yvxJc0PwN/zobNAudYfb1B7R08SzB4TsLeSbUCuG467NhnoT0oO6w1qRO+BA==
  dependencies:
    eventemitter3 "^5.0.1"
    p-timeout "^6.1.2"

p-retry@^6.1.0:
  version "6.2.1"
  resolved "https://registry.yarnpkg.com/p-retry/-/p-retry-6.2.1.tgz#81828f8dc61c6ef5a800585491572cc9892703af"
  integrity sha512-hEt02O4hUct5wtwg4H4KcWgDdm+l1bOaEy/hWzd8xtXB9BqxTWBBhb+2ImAtH4Cv4rPjV76xN3Zumqk3k3AhhQ==
  dependencies:
    "@types/retry" "0.12.2"
    is-network-error "^1.0.0"
    retry "^0.13.1"

p-timeout@^6.1.2:
  version "6.1.3"
  resolved "https://registry.yarnpkg.com/p-timeout/-/p-timeout-6.1.3.tgz#9635160c4e10c7b4c3db45b7d5d26f911d9fd853"
  integrity sha512-UJUyfKbwvr/uZSV6btANfb+0t/mOhKV/KXcCUTp8FcQI+v/0d+wXqH4htrW0E4rR6WiEO/EPvUFiV9D5OI4vlw==

preact@^10.5.13:
  version "10.25.3"
  resolved "https://registry.yarnpkg.com/preact/-/preact-10.25.3.tgz#22dfb072b088dda9a2bc6d4ca41bf46b588d325e"
  integrity sha512-dzQmIFtM970z+fP9ziQ3yG4e3ULIbwZzJ734vaMVUTaKQ2+Ru1Ou/gjshOYVHCcd1rpAelC6ngjvjDXph98unQ==

promise-queue@^2.2.5:
  version "2.2.5"
  resolved "https://registry.yarnpkg.com/promise-queue/-/promise-queue-2.2.5.tgz#2f6f5f7c0f6d08109e967659c79b88a9ed5e93b4"
  integrity sha512-p/iXrPSVfnqPft24ZdNNLECw/UrtLTpT3jpAAMzl/o5/rDsGCPo3/CQS2611flL6LkoEJ3oQZw7C8Q80ZISXRQ==

proper-lockfile@^4.1.2:
  version "4.1.2"
  resolved "https://registry.yarnpkg.com/proper-lockfile/-/proper-lockfile-4.1.2.tgz#c8b9de2af6b2f1601067f98e01ac66baa223141f"
  integrity sha512-TjNPblN4BwAWMXU8s9AEz4JmQxnD1NNL7bNOY/AKUzyamc379FWASUhc/K1pL2noVb+XmZKLL68cjzLsiOAMaA==
  dependencies:
    graceful-fs "^4.2.4"
    retry "^0.12.0"
    signal-exit "^3.0.2"

querystringify@^2.1.1:
  version "2.2.0"
  resolved "https://registry.yarnpkg.com/querystringify/-/querystringify-2.2.0.tgz#3345941b4153cb9d082d8eee4cda2016a9aef7f6"
  integrity sha512-FIqgj2EUvTa7R50u0rGsyTftzjYmv/a3hO345bZNrqabNqjtgiDMgmo4mkUjd+nzU5oF3dClKqFIPUKybUyqoQ==

requires-port@^1.0.0:
  version "1.0.0"
  resolved "https://registry.yarnpkg.com/requires-port/-/requires-port-1.0.0.tgz#925d2601d39ac485e091cf0da5c6e694dc3dcaff"
  integrity sha512-KigOCHcocU3XODJxsu8i/j8T9tzT4adHiecwORRQ0ZZFcp7ahwXuRU1m+yuO90C5ZUyGeGfocHDI14M3L3yDAQ==

retry@^0.12.0:
  version "0.12.0"
  resolved "https://registry.yarnpkg.com/retry/-/retry-0.12.0.tgz#1b42a6266a21f07421d1b0b54b7dc167b01c013b"
  integrity sha512-9LkiTwjUh6rT555DtE9rTX+BKByPfrMzEAtnlEtdEwr3Nkffwiihqe2bWADg+OQRjt9gl6ICdmB/ZFDCGAtSow==

retry@^0.13.1:
  version "0.13.1"
  resolved "https://registry.yarnpkg.com/retry/-/retry-0.13.1.tgz#185b1587acf67919d63b357349e03537b2484658"
  integrity sha512-XQBQ3I8W1Cge0Seh+6gjj03LbmRFWuoszgK9ooCpwYIrhhoO80pfq4cUkU5DkknwfOfFteRwlZ56PYOGYyFWdg==

select2@^4.0.13:
  version "4.0.13"
  resolved "https://registry.yarnpkg.com/select2/-/select2-4.0.13.tgz#0dbe377df3f96167c4c1626033e924372d8ef44d"
  integrity sha512-1JeB87s6oN/TDxQQYCvS5EFoQyvV6eYMZZ0AeA4tdFDYWN3BAGZ8npr17UBFddU0lgAt3H0yjX3X6/ekOj1yjw==

shallow-equal@^3.0.0:
  version "3.1.0"
  resolved "https://registry.yarnpkg.com/shallow-equal/-/shallow-equal-3.1.0.tgz#e7a54bac629c7f248eff6c2f5b63122ba4320bec"
  integrity sha512-pfVOw8QZIXpMbhBWvzBISicvToTiM5WBF1EeAUZDDSb5Dt29yl4AYbyywbJFSEsRUMr7gJaxqCdr4L3tQf9wVg==

signal-exit@^3.0.2:
  version "3.0.7"
  resolved "https://registry.yarnpkg.com/signal-exit/-/signal-exit-3.0.7.tgz#a9a1767f8af84155114eaabd73f99273c8f59ad9"
  integrity sha512-wnD2ZE+l+SPC/uoS0vXeE9L1+0wuaMqKlfz9AMUo38JsyLSBWSFcHR1Rri62LZc12vLr1gb3jl7iwQhgwpAbGQ==

sweetalert2@^11.14.1:
  version "11.15.2"
  resolved "https://registry.yarnpkg.com/sweetalert2/-/sweetalert2-11.15.2.tgz#194f7f2a823a622424ba04427a8a13ac6a3ef466"
  integrity sha512-KSfHZTU2f+iivA2wudlL1jv9FjvEtJW9Fc0GKC6hhEsZS7SNz3Ppfv92Nerw0E2qqGNT9mPB/07SYEASbHvS+A==

timeago@^1.6.7:
  version "1.6.7"
  resolved "https://registry.yarnpkg.com/timeago/-/timeago-1.6.7.tgz#afd467c29a911e697fc22a81888c7c3022783cb5"
  integrity sha512-FikcjN98+ij0siKH4VO4dZ358PR3oDDq4Vdl1+sN9gWz1/+JXGr3uZbUShYH/hL7bMhcTpPbplJU5Tej4b4jbQ==
  dependencies:
    jquery ">=1.5.0 <4.0"

toastr@^2.1.4:
  version "2.1.4"
  resolved "https://registry.yarnpkg.com/toastr/-/toastr-2.1.4.tgz#8b43be64fb9d0c414871446f2db8e8ca4e95f181"
  integrity sha512-LIy77F5n+sz4tefMmFOntcJ6HL0Fv3k1TDnNmFZ0bU/GcvIIfy6eG2v7zQmMiYgaalAiUv75ttFrPn5s0gyqlA==
  dependencies:
    jquery ">=1.12.0"

tus-js-client@^4.2.3:
  version "4.2.3"
  resolved "https://registry.yarnpkg.com/tus-js-client/-/tus-js-client-4.2.3.tgz#a72b44e93bdf1961085d644b2717e232f1ee1b57"
  integrity sha512-UkQUCeDWKh5AwArcasIJWcL5EP66XPypKQtsdPu82wNnTea8eAUHdpDx3DcfZgDERAiCII895zMYkXri4M1wzw==
  dependencies:
    buffer-from "^1.1.2"
    combine-errors "^3.0.3"
    is-stream "^2.0.0"
    js-base64 "^3.7.2"
    lodash.throttle "^4.1.1"
    proper-lockfile "^4.1.2"
    url-parse "^1.5.7"

uppy@^4.4.1:
  version "4.9.0"
  resolved "https://registry.yarnpkg.com/uppy/-/uppy-4.9.0.tgz#0ebd4e58db851bdb99942797f5944cdfa8c05f78"
  integrity sha512-/IYqiCGBhMpovrdu3KsTxnLqJDpNEQYxaE+1pVqjz2woAoZxoOeOypOziOqxaI1uxSiPqyzqTYWMIyUfJ0Fn2Q==
  dependencies:
    "@uppy/audio" "^2.0.2"
    "@uppy/aws-s3" "^4.1.3"
    "@uppy/box" "^3.1.2"
    "@uppy/companion-client" "^4.3.0"
    "@uppy/compressor" "^2.1.1"
    "@uppy/core" "^4.3.1"
    "@uppy/dashboard" "^4.1.3"
    "@uppy/drag-drop" "^4.0.5"
    "@uppy/drop-target" "^3.0.2"
    "@uppy/dropbox" "^4.1.2"
    "@uppy/facebook" "^4.1.2"
    "@uppy/file-input" "^4.0.4"
    "@uppy/form" "^4.0.2"
    "@uppy/golden-retriever" "^4.0.2"
    "@uppy/google-drive" "^4.2.0"
    "@uppy/google-drive-picker" "^0.2.1"
    "@uppy/google-photos" "^0.4.0"
    "@uppy/google-photos-picker" "^0.2.1"
    "@uppy/image-editor" "^3.2.1"
    "@uppy/informer" "^4.1.2"
    "@uppy/instagram" "^4.1.2"
    "@uppy/onedrive" "^4.1.2"
    "@uppy/progress-bar" "^4.1.0"
    "@uppy/provider-views" "^4.2.0"
    "@uppy/redux-dev-tools" "^4.0.1"
    "@uppy/remote-sources" "^2.2.1"
    "@uppy/screen-capture" "^4.1.2"
    "@uppy/status-bar" "^4.0.6"
    "@uppy/store-default" "^4.1.2"
    "@uppy/store-redux" "^4.0.1"
    "@uppy/thumbnail-generator" "^4.0.2"
    "@uppy/transloadit" "^4.1.4"
    "@uppy/tus" "^4.1.5"
    "@uppy/unsplash" "^4.1.2"
    "@uppy/url" "^4.1.2"
    "@uppy/webcam" "^4.0.3"
    "@uppy/webdav" "^0.1.0"
    "@uppy/xhr-upload" "^4.2.3"
    "@uppy/zoom" "^3.1.2"

url-parse@^1.5.7:
  version "1.5.10"
  resolved "https://registry.yarnpkg.com/url-parse/-/url-parse-1.5.10.tgz#9d3c2f736c1d75dd3bd2be507dcc111f1e2ea9c1"
  integrity sha512-WypcfiRhfeUP9vvF0j6rw0J3hrWrw6iZv3+22h6iRMJ/8z1Tj6XfLP4DsUix5MhMPnXpiHDoKyoZ/bdCkwBCiQ==
  dependencies:
    querystringify "^2.1.1"
    requires-port "^1.0.0"

wildcard@^1.1.0:
  version "1.1.2"
  resolved "https://registry.yarnpkg.com/wildcard/-/wildcard-1.1.2.tgz#a7020453084d8cd2efe70ba9d3696263de1710a5"
  integrity sha512-DXukZJxpHA8LuotRwL0pP1+rS6CS7FF2qStDDE1C7DDg2rLud2PXRMuEDYIPhgEezwnlHNL4c+N6MfMTjCGTng==

zxcvbn@^4.4.2:
  version "4.4.2"
  resolved "https://registry.yarnpkg.com/zxcvbn/-/zxcvbn-4.4.2.tgz#28ec17cf09743edcab056ddd8b1b06262cc73c30"
  integrity sha512-Bq0B+ixT/DMyG8kgX2xWcI5jUvCwqrMxSFam7m0lAf78nf04hv6lNCsyLYdyYTrCVMqNDY/206K7eExYCeSyUQ==
